
Microsoft Visual Studio Solution File, Format Version 12.00
# Visual Studio Version 16
VisualStudioVersion = 16.0.32929.386
MinimumVisualStudioVersion = 10.0.40219.1
Project("{9A19103F-16F7-4668-BE54-9A1E7A4F7556}") = "Volumiser", "Volumiser.csproj", "{0DF38AD4-60AF-4F93-9C7A-7FB7BA692017}"
EndProject
Global
	GlobalSection(SolutionConfigurationPlatforms) = preSolution
		Debug|Any CPU = Debug|Any CPU
		Release|Any CPU = Release|Any CPU
	EndGlobalSection
	GlobalSection(ProjectConfigurationPlatforms) = postSolution
		{0DF38AD4-60AF-4F93-9C7A-7FB7BA692017}.Debug|Any CPU.ActiveCfg = Debug|Any CPU
		{0DF38AD4-60AF-4F93-9C7A-7FB7BA692017}.Debug|Any CPU.Build.0 = Debug|Any CPU
		{0DF38AD4-60AF-4F93-9C7A-7FB7BA692017}.Release|Any CPU.ActiveCfg = Release|Any CPU
		{0DF38AD4-60AF-4F93-9C7A-7FB7BA692017}.Release|Any CPU.Build.0 = Release|Any CPU
	EndGlobalSection
	GlobalSection(SolutionProperties) = preSolution
		HideSolutionNode = FALSE
	EndGlobalSection
	GlobalSection(ExtensibilityGlobals) = postSolution
		SolutionGuid = {955DD052-6A66-47D1-8F34-8ED9B3C969BD}
	EndGlobalSection
EndGlobal
